
Microsoft Visual Studio Solution File, Format Version 12.00
# Visual Studio Version 17
VisualStudioVersion = 17.9.34902.65
MinimumVisualStudioVersion = 10.0.40219.1
Project("{FAE04EC0-301F-11D3-BF4B-00C04F79EFBC}") = "abstract_class_and_methods", "abstract_class_and_methods\abstract_class_and_methods.csproj", "{F15EA3A9-533F-4257-8A11-AFE76DB15A99}"
EndProject
Global
	GlobalSection(SolutionConfigurationPlatforms) = preSolution
		Debug|Any CPU = Debug|Any CPU
		Release|Any CPU = Release|Any CPU
	EndGlobalSection
	GlobalSection(ProjectConfigurationPlatforms) = postSolution
		{F15EA3A9-533F-4257-8A11-AFE76DB15A99}.Debug|Any CPU.ActiveCfg = Debug|Any CPU
		{F15EA3A9-533F-4257-8A11-AFE76DB15A99}.Debug|Any CPU.Build.0 = Debug|Any CPU
		{F15EA3A9-533F-4257-8A11-AFE76DB15A99}.Release|Any CPU.ActiveCfg = Release|Any CPU
		{F15EA3A9-533F-4257-8A11-AFE76DB15A99}.Release|Any CPU.Build.0 = Release|Any CPU
	EndGlobalSection
	GlobalSection(SolutionProperties) = preSolution
		HideSolutionNode = FALSE
	EndGlobalSection
	GlobalSection(ExtensibilityGlobals) = postSolution
		SolutionGuid = {D014B32C-70B0-4E80-8F1E-9EFECEF37C59}
	EndGlobalSection
EndGlobal
